
Microsoft Visual Studio Solution File, Format Version 12.00
# Visual Studio 14
VisualStudioVersion = 14.0.25123.0
MinimumVisualStudioVersion = 10.0.40219.1
Project("{FAE04EC0-301F-11D3-BF4B-00C04F79EFBC}") = "WeathApp.Droid", "WeathApp\WeathApp.Droid\WeathApp.Droid.csproj", "{906E73BB-DCF1-488A-AFF9-3AA15006979F}"
EndProject
Project("{FAE04EC0-301F-11D3-BF4B-00C04F79EFBC}") = "WeathApp.iOS", "WeathApp\WeathApp.iOS\WeathApp.iOS.csproj", "{669699C4-2C34-477D-B20E-A5423D7042C3}"
EndProject
Project("{FAE04EC0-301F-11D3-BF4B-00C04F79EFBC}") = "WeathApp.WinPhone", "WeathApp\WeathApp.WinPhone\WeathApp.WinPhone.csproj", "{DA3433C9-475A-4DE5-8B0F-C5A7F0F868D7}"
EndProject
Project("{FAE04EC0-301F-11D3-BF4B-00C04F79EFBC}") = "WeathApp", "WeathApp\WeathApp\WeathApp.csproj", "{4ED9C15B-9127-4F58-A4D9-8ECFB506DC08}"
EndProject
Global
	GlobalSection(SolutionConfigurationPlatforms) = preSolution
		AppStore|Any CPU = AppStore|Any CPU
		AppStore|ARM = AppStore|ARM
		AppStore|iPhone = AppStore|iPhone
		AppStore|iPhoneSimulator = AppStore|iPhoneSimulator
		AppStore|x86 = AppStore|x86
		Debug|Any CPU = Debug|Any CPU
		Debug|ARM = Debug|ARM
		Debug|iPhone = Debug|iPhone
		Debug|iPhoneSimulator = Debug|iPhoneSimulator
		Debug|x86 = Debug|x86
		Release|Any CPU = Release|Any CPU
		Release|ARM = Release|ARM
		Release|iPhone = Release|iPhone
		Release|iPhoneSimulator = Release|iPhoneSimulator
		Release|x86 = Release|x86
	EndGlobalSection
	GlobalSection(ProjectConfigurationPlatforms) = postSolution
		{906E73BB-DCF1-488A-AFF9-3AA15006979F}.AppStore|Any CPU.ActiveCfg = Release|Any CPU
		{906E73BB-DCF1-488A-AFF9-3AA15006979F}.AppStore|Any CPU.Build.0 = Release|Any CPU
		{906E73BB-DCF1-488A-AFF9-3AA15006979F}.AppStore|Any CPU.Deploy.0 = Release|Any CPU
		{906E73BB-DCF1-488A-AFF9-3AA15006979F}.AppStore|ARM.ActiveCfg = Release|Any CPU
		{906E73BB-DCF1-488A-AFF9-3AA15006979F}.AppStore|ARM.Build.0 = Release|Any CPU
		{906E73BB-DCF1-488A-AFF9-3AA15006979F}.AppStore|ARM.Deploy.0 = Release|Any CPU
		{906E73BB-DCF1-488A-AFF9-3AA15006979F}.AppStore|iPhone.ActiveCfg = Release|Any CPU
		{906E73BB-DCF1-488A-AFF9-3AA15006979F}.AppStore|iPhone.Build.0 = Release|Any CPU
		{906E73BB-DCF1-488A-AFF9-3AA15006979F}.AppStore|iPhone.Deploy.0 = Release|Any CPU
		{906E73BB-DCF1-488A-AFF9-3AA15006979F}.AppStore|iPhoneSimulator.ActiveCfg = Release|Any CPU
		{906E73BB-DCF1-488A-AFF9-3AA15006979F}.AppStore|iPhoneSimulator.Build.0 = Release|Any CPU
		{906E73BB-DCF1-488A-AFF9-3AA15006979F}.AppStore|iPhoneSimulator.Deploy.0 = Release|Any CPU
		{906E73BB-DCF1-488A-AFF9-3AA15006979F}.AppStore|x86.ActiveCfg = Release|Any CPU
		{906E73BB-DCF1-488A-AFF9-3AA15006979F}.AppStore|x86.Build.0 = Release|Any CPU
		{906E73BB-DCF1-488A-AFF9-3AA15006979F}.AppStore|x86.Deploy.0 = Release|Any CPU
		{906E73BB-DCF1-488A-AFF9-3AA15006979F}.Debug|Any CPU.ActiveCfg = Debug|Any CPU
		{906E73BB-DCF1-488A-AFF9-3AA15006979F}.Debug|Any CPU.Build.0 = Debug|Any CPU
		{906E73BB-DCF1-488A-AFF9-3AA15006979F}.Debug|Any CPU.Deploy.0 = Debug|Any CPU
		{906E73BB-DCF1-488A-AFF9-3AA15006979F}.Debug|ARM.ActiveCfg = Debug|Any CPU
		{906E73BB-DCF1-488A-AFF9-3AA15006979F}.Debug|ARM.Build.0 = Debug|Any CPU
		{906E73BB-DCF1-488A-AFF9-3AA15006979F}.Debug|ARM.Deploy.0 = Debug|Any CPU
		{906E73BB-DCF1-488A-AFF9-3AA15006979F}.Debug|iPhone.ActiveCfg = Debug|Any CPU
		{906E73BB-DCF1-488A-AFF9-3AA15006979F}.Debug|iPhone.Build.0 = Debug|Any CPU
		{906E73BB-DCF1-488A-AFF9-3AA15006979F}.Debug|iPhone.Deploy.0 = Debug|Any CPU
		{906E73BB-DCF1-488A-AFF9-3AA15006979F}.Debug|iPhoneSimulator.ActiveCfg = Debug|Any CPU
		{906E73BB-DCF1-488A-AFF9-3AA15006979F}.Debug|iPhoneSimulator.Build.0 = Debug|Any CPU
		{906E73BB-DCF1-488A-AFF9-3AA15006979F}.Debug|iPhoneSimulator.Deploy.0 = Debug|Any CPU
		{906E73BB-DCF1-488A-AFF9-3AA15006979F}.Debug|x86.ActiveCfg = Debug|Any CPU
		{906E73BB-DCF1-488A-AFF9-3AA15006979F}.Debug|x86.Build.0 = Debug|Any CPU
		{906E73BB-DCF1-488A-AFF9-3AA15006979F}.Debug|x86.Deploy.0 = Debug|Any CPU
		{906E73BB-DCF1-488A-AFF9-3AA15006979F}.Release|Any CPU.ActiveCfg = Release|Any CPU
		{906E73BB-DCF1-488A-AFF9-3AA15006979F}.Release|Any CPU.Build.0 = Release|Any CPU
		{906E73BB-DCF1-488A-AFF9-3AA15006979F}.Release|Any CPU.Deploy.0 = Release|Any CPU
		{906E73BB-DCF1-488A-AFF9-3AA15006979F}.Release|ARM.ActiveCfg = Release|Any CPU
		{906E73BB-DCF1-488A-AFF9-3AA15006979F}.Release|ARM.Build.0 = Release|Any CPU
		{906E73BB-DCF1-488A-AFF9-3AA15006979F}.Release|ARM.Deploy.0 = Release|Any CPU
		{906E73BB-DCF1-488A-AFF9-3AA15006979F}.Release|iPhone.ActiveCfg = Release|Any CPU
		{906E73BB-DCF1-488A-AFF9-3AA15006979F}.Release|iPhone.Build.0 = Release|Any CPU
		{906E73BB-DCF1-488A-AFF9-3AA15006979F}.Release|iPhone.Deploy.0 = Release|Any CPU
		{906E73BB-DCF1-488A-AFF9-3AA15006979F}.Release|iPhoneSimulator.ActiveCfg = Release|Any CPU
		{906E73BB-DCF1-488A-AFF9-3AA15006979F}.Release|iPhoneSimulator.Build.0 = Release|Any CPU
		{906E73BB-DCF1-488A-AFF9-3AA15006979F}.Release|iPhoneSimulator.Deploy.0 = Release|Any CPU
		{906E73BB-DCF1-488A-AFF9-3AA15006979F}.Release|x86.ActiveCfg = Release|Any CPU
		{906E73BB-DCF1-488A-AFF9-3AA15006979F}.Release|x86.Build.0 = Release|Any CPU
		{906E73BB-DCF1-488A-AFF9-3AA15006979F}.Release|x86.Deploy.0 = Release|Any CPU
		{669699C4-2C34-477D-B20E-A5423D7042C3}.AppStore|Any CPU.ActiveCfg = AppStore|iPhone
		{669699C4-2C34-477D-B20E-A5423D7042C3}.AppStore|ARM.ActiveCfg = AppStore|iPhone
		{669699C4-2C34-477D-B20E-A5423D7042C3}.AppStore|iPhone.ActiveCfg = AppStore|iPhone
		{669699C4-2C34-477D-B20E-A5423D7042C3}.AppStore|iPhone.Build.0 = AppStore|iPhone
		{669699C4-2C34-477D-B20E-A5423D7042C3}.AppStore|iPhoneSimulator.ActiveCfg = AppStore|iPhoneSimulator
		{669699C4-2C34-477D-B20E-A5423D7042C3}.AppStore|iPhoneSimulator.Build.0 = AppStore|iPhoneSimulator
		{669699C4-2C34-477D-B20E-A5423D7042C3}.AppStore|x86.ActiveCfg = AppStore|iPhone
		{669699C4-2C34-477D-B20E-A5423D7042C3}.Debug|Any CPU.ActiveCfg = Debug|iPhone
		{669699C4-2C34-477D-B20E-A5423D7042C3}.Debug|ARM.ActiveCfg = Debug|iPhone
		{669699C4-2C34-477D-B20E-A5423D7042C3}.Debug|iPhone.ActiveCfg = Debug|iPhone
		{669699C4-2C34-477D-B20E-A5423D7042C3}.Debug|iPhone.Build.0 = Debug|iPhone
		{669699C4-2C34-477D-B20E-A5423D7042C3}.Debug|iPhoneSimulator.ActiveCfg = Debug|iPhoneSimulator
		{669699C4-2C34-477D-B20E-A5423D7042C3}.Debug|iPhoneSimulator.Build.0 = Debug|iPhoneSimulator
		{669699C4-2C34-477D-B20E-A5423D7042C3}.Debug|x86.ActiveCfg = Debug|iPhone
		{669699C4-2C34-477D-B20E-A5423D7042C3}.Release|Any CPU.ActiveCfg = Release|iPhone
		{669699C4-2C34-477D-B20E-A5423D7042C3}.Release|ARM.ActiveCfg = Release|iPhone
		{669699C4-2C34-477D-B20E-A5423D7042C3}.Release|iPhone.ActiveCfg = Release|iPhone
		{669699C4-2C34-477D-B20E-A5423D7042C3}.Release|iPhone.Build.0 = Release|iPhone
		{669699C4-2C34-477D-B20E-A5423D7042C3}.Release|iPhoneSimulator.ActiveCfg = Release|iPhoneSimulator
		{669699C4-2C34-477D-B20E-A5423D7042C3}.Release|iPhoneSimulator.Build.0 = Release|iPhoneSimulator
		{669699C4-2C34-477D-B20E-A5423D7042C3}.Release|x86.ActiveCfg = Release|iPhone
		{DA3433C9-475A-4DE5-8B0F-C5A7F0F868D7}.AppStore|Any CPU.ActiveCfg = Release|Any CPU
		{DA3433C9-475A-4DE5-8B0F-C5A7F0F868D7}.AppStore|Any CPU.Build.0 = Release|Any CPU
		{DA3433C9-475A-4DE5-8B0F-C5A7F0F868D7}.AppStore|Any CPU.Deploy.0 = Release|Any CPU
		{DA3433C9-475A-4DE5-8B0F-C5A7F0F868D7}.AppStore|ARM.ActiveCfg = Release|ARM
		{DA3433C9-475A-4DE5-8B0F-C5A7F0F868D7}.AppStore|ARM.Build.0 = Release|ARM
		{DA3433C9-475A-4DE5-8B0F-C5A7F0F868D7}.AppStore|ARM.Deploy.0 = Release|ARM
		{DA3433C9-475A-4DE5-8B0F-C5A7F0F868D7}.AppStore|iPhone.ActiveCfg = Release|Any CPU
		{DA3433C9-475A-4DE5-8B0F-C5A7F0F868D7}.AppStore|iPhone.Build.0 = Release|Any CPU
		{DA3433C9-475A-4DE5-8B0F-C5A7F0F868D7}.AppStore|iPhone.Deploy.0 = Release|Any CPU
		{DA3433C9-475A-4DE5-8B0F-C5A7F0F868D7}.AppStore|iPhoneSimulator.ActiveCfg = Release|Any CPU
		{DA3433C9-475A-4DE5-8B0F-C5A7F0F868D7}.AppStore|iPhoneSimulator.Build.0 = Release|Any CPU
		{DA3433C9-475A-4DE5-8B0F-C5A7F0F868D7}.AppStore|iPhoneSimulator.Deploy.0 = Release|Any CPU
		{DA3433C9-475A-4DE5-8B0F-C5A7F0F868D7}.AppStore|x86.ActiveCfg = Release|x86
		{DA3433C9-475A-4DE5-8B0F-C5A7F0F868D7}.AppStore|x86.Build.0 = Release|x86
		{DA3433C9-475A-4DE5-8B0F-C5A7F0F868D7}.AppStore|x86.Deploy.0 = Release|x86
		{DA3433C9-475A-4DE5-8B0F-C5A7F0F868D7}.Debug|Any CPU.ActiveCfg = Debug|Any CPU
		{DA3433C9-475A-4DE5-8B0F-C5A7F0F868D7}.Debug|Any CPU.Build.0 = Debug|Any CPU
		{DA3433C9-475A-4DE5-8B0F-C5A7F0F868D7}.Debug|Any CPU.Deploy.0 = Debug|Any CPU
		{DA3433C9-475A-4DE5-8B0F-C5A7F0F868D7}.Debug|ARM.ActiveCfg = Debug|ARM
		{DA3433C9-475A-4DE5-8B0F-C5A7F0F868D7}.Debug|ARM.Build.0 = Debug|ARM
		{DA3433C9-475A-4DE5-8B0F-C5A7F0F868D7}.Debug|ARM.Deploy.0 = Debug|ARM
		{DA3433C9-475A-4DE5-8B0F-C5A7F0F868D7}.Debug|iPhone.ActiveCfg = Debug|Any CPU
		{DA3433C9-475A-4DE5-8B0F-C5A7F0F868D7}.Debug|iPhone.Build.0 = Debug|Any CPU
		{DA3433C9-475A-4DE5-8B0F-C5A7F0F868D7}.Debug|iPhone.Deploy.0 = Debug|Any CPU
		{DA3433C9-475A-4DE5-8B0F-C5A7F0F868D7}.Debug|iPhoneSimulator.ActiveCfg = Debug|Any CPU
		{DA3433C9-475A-4DE5-8B0F-C5A7F0F868D7}.Debug|iPhoneSimulator.Build.0 = Debug|Any CPU
		{DA3433C9-475A-4DE5-8B0F-C5A7F0F868D7}.Debug|iPhoneSimulator.Deploy.0 = Debug|Any CPU
		{DA3433C9-475A-4DE5-8B0F-C5A7F0F868D7}.Debug|x86.ActiveCfg = Debug|x86
		{DA3433C9-475A-4DE5-8B0F-C5A7F0F868D7}.Debug|x86.Build.0 = Debug|x86
		{DA3433C9-475A-4DE5-8B0F-C5A7F0F868D7}.Debug|x86.Deploy.0 = Debug|x86
		{DA3433C9-475A-4DE5-8B0F-C5A7F0F868D7}.Release|Any CPU.ActiveCfg = Release|Any CPU
		{DA3433C9-475A-4DE5-8B0F-C5A7F0F868D7}.Release|Any CPU.Build.0 = Release|Any CPU
		{DA3433C9-475A-4DE5-8B0F-C5A7F0F868D7}.Release|Any CPU.Deploy.0 = Release|Any CPU
		{DA3433C9-475A-4DE5-8B0F-C5A7F0F868D7}.Release|ARM.ActiveCfg = Release|ARM
		{DA3433C9-475A-4DE5-8B0F-C5A7F0F868D7}.Release|ARM.Build.0 = Release|ARM
		{DA3433C9-475A-4DE5-8B0F-C5A7F0F868D7}.Release|ARM.Deploy.0 = Release|ARM
		{DA3433C9-475A-4DE5-8B0F-C5A7F0F868D7}.Release|iPhone.ActiveCfg = Release|Any CPU
		{DA3433C9-475A-4DE5-8B0F-C5A7F0F868D7}.Release|iPhone.Build.0 = Release|Any CPU
		{DA3433C9-475A-4DE5-8B0F-C5A7F0F868D7}.Release|iPhone.Deploy.0 = Release|Any CPU
		{DA3433C9-475A-4DE5-8B0F-C5A7F0F868D7}.Release|iPhoneSimulator.ActiveCfg = Release|Any CPU
		{DA3433C9-475A-4DE5-8B0F-C5A7F0F868D7}.Release|iPhoneSimulator.Build.0 = Release|Any CPU
		{DA3433C9-475A-4DE5-8B0F-C5A7F0F868D7}.Release|iPhoneSimulator.Deploy.0 = Release|Any CPU
		{DA3433C9-475A-4DE5-8B0F-C5A7F0F868D7}.Release|x86.ActiveCfg = Release|x86
		{DA3433C9-475A-4DE5-8B0F-C5A7F0F868D7}.Release|x86.Build.0 = Release|x86
		{DA3433C9-475A-4DE5-8B0F-C5A7F0F868D7}.Release|x86.Deploy.0 = Release|x86
		{4ED9C15B-9127-4F58-A4D9-8ECFB506DC08}.AppStore|Any CPU.ActiveCfg = Release|Any CPU
		{4ED9C15B-9127-4F58-A4D9-8ECFB506DC08}.AppStore|Any CPU.Build.0 = Release|Any CPU
		{4ED9C15B-9127-4F58-A4D9-8ECFB506DC08}.AppStore|ARM.ActiveCfg = Release|Any CPU
		{4ED9C15B-9127-4F58-A4D9-8ECFB506DC08}.AppStore|ARM.Build.0 = Release|Any CPU
		{4ED9C15B-9127-4F58-A4D9-8ECFB506DC08}.AppStore|iPhone.ActiveCfg = Release|Any CPU
		{4ED9C15B-9127-4F58-A4D9-8ECFB506DC08}.AppStore|iPhone.Build.0 = Release|Any CPU
		{4ED9C15B-9127-4F58-A4D9-8ECFB506DC08}.AppStore|iPhoneSimulator.ActiveCfg = Release|Any CPU
		{4ED9C15B-9127-4F58-A4D9-8ECFB506DC08}.AppStore|iPhoneSimulator.Build.0 = Release|Any CPU
		{4ED9C15B-9127-4F58-A4D9-8ECFB506DC08}.AppStore|x86.ActiveCfg = Release|Any CPU
		{4ED9C15B-9127-4F58-A4D9-8ECFB506DC08}.AppStore|x86.Build.0 = Release|Any CPU
		{4ED9C15B-9127-4F58-A4D9-8ECFB506DC08}.Debug|Any CPU.ActiveCfg = Debug|Any CPU
		{4ED9C15B-9127-4F58-A4D9-8ECFB506DC08}.Debug|Any CPU.Build.0 = Debug|Any CPU
		{4ED9C15B-9127-4F58-A4D9-8ECFB506DC08}.Debug|ARM.ActiveCfg = Debug|Any CPU
		{4ED9C15B-9127-4F58-A4D9-8ECFB506DC08}.Debug|ARM.Build.0 = Debug|Any CPU
		{4ED9C15B-9127-4F58-A4D9-8ECFB506DC08}.Debug|iPhone.ActiveCfg = Debug|Any CPU
		{4ED9C15B-9127-4F58-A4D9-8ECFB506DC08}.Debug|iPhone.Build.0 = Debug|Any CPU
		{4ED9C15B-9127-4F58-A4D9-8ECFB506DC08}.Debug|iPhoneSimulator.ActiveCfg = Debug|Any CPU
		{4ED9C15B-9127-4F58-A4D9-8ECFB506DC08}.Debug|iPhoneSimulator.Build.0 = Debug|Any CPU
		{4ED9C15B-9127-4F58-A4D9-8ECFB506DC08}.Debug|x86.ActiveCfg = Debug|Any CPU
		{4ED9C15B-9127-4F58-A4D9-8ECFB506DC08}.Debug|x86.Build.0 = Debug|Any CPU
		{4ED9C15B-9127-4F58-A4D9-8ECFB506DC08}.Release|Any CPU.ActiveCfg = Release|Any CPU
		{4ED9C15B-9127-4F58-A4D9-8ECFB506DC08}.Release|Any CPU.Build.0 = Release|Any CPU
		{4ED9C15B-9127-4F58-A4D9-8ECFB506DC08}.Release|ARM.ActiveCfg = Release|Any CPU
		{4ED9C15B-9127-4F58-A4D9-8ECFB506DC08}.Release|ARM.Build.0 = Release|Any CPU
		{4ED9C15B-9127-4F58-A4D9-8ECFB506DC08}.Release|iPhone.ActiveCfg = Release|Any CPU
		{4ED9C15B-9127-4F58-A4D9-8ECFB506DC08}.Release|iPhone.Build.0 = Release|Any CPU
		{4ED9C15B-9127-4F58-A4D9-8ECFB506DC08}.Release|iPhoneSimulator.ActiveCfg = Release|Any CPU
		{4ED9C15B-9127-4F58-A4D9-8ECFB506DC08}.Release|iPhoneSimulator.Build.0 = Release|Any CPU
		{4ED9C15B-9127-4F58-A4D9-8ECFB506DC08}.Release|x86.ActiveCfg = Release|Any CPU
		{4ED9C15B-9127-4F58-A4D9-8ECFB506DC08}.Release|x86.Build.0 = Release|Any CPU
	EndGlobalSection
	GlobalSection(SolutionProperties) = preSolution
		HideSolutionNode = FALSE
	EndGlobalSection
EndGlobal
